
Microsoft Visual Studio Solution File, Format Version 11.00
# Visual Studio 2010
Project("{FAE04EC0-301F-11D3-BF4B-00C04F79EFBC}") = "Freud2.0", "Assembly-CSharp.csproj", "{254DCD9E-7EFE-EB73-88CF-8C3DEF7A2577}"
EndProject
Project("{FAE04EC0-301F-11D3-BF4B-00C04F79EFBC}") = "Freud2.0", "Assembly-CSharp-firstpass.csproj", "{0DE0CA36-BC40-36B0-6588-2A2D6A09CBE3}"
EndProject
Project("{FAE04EC0-301F-11D3-BF4B-00C04F79EFBC}") = "Freud2.0", "Assembly-CSharp-Editor.csproj", "{9C5D9F43-20C6-2454-7907-A18C9E7FF837}"
EndProject
Global
	GlobalSection(SolutionConfigurationPlatforms) = preSolution
		Debug|Any CPU = Debug|Any CPU
		Release|Any CPU = Release|Any CPU
	EndGlobalSection
	GlobalSection(ProjectConfigurationPlatforms) = postSolution
		{254DCD9E-7EFE-EB73-88CF-8C3DEF7A2577}.Debug|Any CPU.ActiveCfg = Debug|Any CPU
		{254DCD9E-7EFE-EB73-88CF-8C3DEF7A2577}.Debug|Any CPU.Build.0 = Debug|Any CPU
		{254DCD9E-7EFE-EB73-88CF-8C3DEF7A2577}.Release|Any CPU.ActiveCfg = Release|Any CPU
		{254DCD9E-7EFE-EB73-88CF-8C3DEF7A2577}.Release|Any CPU.Build.0 = Release|Any CPU
		{0DE0CA36-BC40-36B0-6588-2A2D6A09CBE3}.Debug|Any CPU.ActiveCfg = Debug|Any CPU
		{0DE0CA36-BC40-36B0-6588-2A2D6A09CBE3}.Debug|Any CPU.Build.0 = Debug|Any CPU
		{0DE0CA36-BC40-36B0-6588-2A2D6A09CBE3}.Release|Any CPU.ActiveCfg = Release|Any CPU
		{0DE0CA36-BC40-36B0-6588-2A2D6A09CBE3}.Release|Any CPU.Build.0 = Release|Any CPU
		{9C5D9F43-20C6-2454-7907-A18C9E7FF837}.Debug|Any CPU.ActiveCfg = Debug|Any CPU
		{9C5D9F43-20C6-2454-7907-A18C9E7FF837}.Debug|Any CPU.Build.0 = Debug|Any CPU
		{9C5D9F43-20C6-2454-7907-A18C9E7FF837}.Release|Any CPU.ActiveCfg = Release|Any CPU
		{9C5D9F43-20C6-2454-7907-A18C9E7FF837}.Release|Any CPU.Build.0 = Release|Any CPU
	EndGlobalSection
	GlobalSection(SolutionProperties) = preSolution
		HideSolutionNode = FALSE
	EndGlobalSection
	GlobalSection(MonoDevelopProperties) = preSolution
		StartupItem = Assembly-CSharp.csproj
	EndGlobalSection
EndGlobal
